
Microsoft Visual Studio Solution File, Format Version 12.00
# Visual Studio Version 17
VisualStudioVersion = 17.13.35931.197 d17.13
MinimumVisualStudioVersion = 10.0.40219.1
Project("{FAE04EC0-301F-11D3-BF4B-00C04F79EFBC}") = "StarEvents", "StarEvents.csproj", "{83B065BB-777C-4A1B-953D-4422C17DF769}"
EndProject
Global
	GlobalSection(SolutionConfigurationPlatforms) = preSolution
		Debug|Any CPU = Debug|Any CPU
		Release|Any CPU = Release|Any CPU
	EndGlobalSection
	GlobalSection(ProjectConfigurationPlatforms) = postSolution
		{83B065BB-777C-4A1B-953D-4422C17DF769}.Debug|Any CPU.ActiveCfg = Debug|Any CPU
		{83B065BB-777C-4A1B-953D-4422C17DF769}.Debug|Any CPU.Build.0 = Debug|Any CPU
		{83B065BB-777C-4A1B-953D-4422C17DF769}.Release|Any CPU.ActiveCfg = Release|Any CPU
		{83B065BB-777C-4A1B-953D-4422C17DF769}.Release|Any CPU.Build.0 = Release|Any CPU
	EndGlobalSection
	GlobalSection(SolutionProperties) = preSolution
		HideSolutionNode = FALSE
	EndGlobalSection
	GlobalSection(ExtensibilityGlobals) = postSolution
		SolutionGuid = {ED7956B5-5F35-4C33-B0A9-84E022B621CF}
	EndGlobalSection
EndGlobal
